[root]
name = "cargo-edit"
version = "0.1.0"
dependencies = [
 "clap 1.2.0 (registry+https://github.com/rust-lang/crates.io-index)",
 "clippy 0.0.11 (git+https://github.com/Manishearth/rust-clippy.git)",
 "pad 0.1.4 (registry+https://github.com/rust-lang/crates.io-index)",
 "semver 0.1.20 (registry+https://github.com/rust-lang/crates.io-index)",
 "toml 0.1.22 (registry+https://github.com/rust-lang/crates.io-index)",
]

[[package]]
name = "ansi_term"
version = "0.6.3"
source = "registry+https://github.com/rust-lang/crates.io-index"

[[package]]
name = "clap"
version = "1.2.0"
source = "registry+https://github.com/rust-lang/crates.io-index"
dependencies = [
 "ansi_term 0.6.3 (registry+https://github.com/rust-lang/crates.io-index)",
 "strsim 0.4.0 (registry+https://github.com/rust-lang/crates.io-index)",
]

[[package]]
name = "clippy"
version = "0.0.11"
source = "git+https://github.com/Manishearth/rust-clippy.git#164907ece2beef1bc067ac1f2753706b65b09f98"

[[package]]
name = "pad"
version = "0.1.4"
source = "registry+https://github.com/rust-lang/crates.io-index"
dependencies = [
 "unicode-width 0.1.2 (registry+https://github.com/rust-lang/crates.io-index)",
]

[[package]]
name = "rustc-serialize"
version = "0.3.15"
source = "registry+https://github.com/rust-lang/crates.io-index"

[[package]]
name = "semver"
version = "0.1.20"
source = "registry+https://github.com/rust-lang/crates.io-index"

[[package]]
name = "strsim"
version = "0.4.0"
source = "registry+https://github.com/rust-lang/crates.io-index"

[[package]]
name = "toml"
version = "0.1.22"
source = "registry+https://github.com/rust-lang/crates.io-index"
dependencies = [
 "rustc-serialize 0.3.15 (registry+https://github.com/rust-lang/crates.io-index)",
]

[[package]]
name = "unicode-width"
version = "0.1.2"
source = "registry+https://github.com/rust-lang/crates.io-index"

